
Microsoft Visual Studio Solution File, Format Version 12.00
# Visual Studio Version 17
VisualStudioVersion = 17.9.34728.123
MinimumVisualStudioVersion = 10.0.40219.1
Project("{FAE04EC0-301F-11D3-BF4B-00C04F79EFBC}") = "DemoAPIInterview", "DemoAPIInterview\DemoAPIInterview.csproj", "{068D8CA0-1ECB-4CCC-BCFA-EB96E5CA3872}"
EndProject
Global
	GlobalSection(SolutionConfigurationPlatforms) = preSolution
		Debug|Any CPU = Debug|Any CPU
		Release|Any CPU = Release|Any CPU
	EndGlobalSection
	GlobalSection(ProjectConfigurationPlatforms) = postSolution
		{068D8CA0-1ECB-4CCC-BCFA-EB96E5CA3872}.Debug|Any CPU.ActiveCfg = Debug|Any CPU
		{068D8CA0-1ECB-4CCC-BCFA-EB96E5CA3872}.Debug|Any CPU.Build.0 = Debug|Any CPU
		{068D8CA0-1ECB-4CCC-BCFA-EB96E5CA3872}.Release|Any CPU.ActiveCfg = Release|Any CPU
		{068D8CA0-1ECB-4CCC-BCFA-EB96E5CA3872}.Release|Any CPU.Build.0 = Release|Any CPU
	EndGlobalSection
	GlobalSection(SolutionProperties) = preSolution
		HideSolutionNode = FALSE
	EndGlobalSection
	GlobalSection(ExtensibilityGlobals) = postSolution
		SolutionGuid = {AB8143AC-7540-4A2F-B74B-B03CEEC12825}
	EndGlobalSection
EndGlobal
